
Microsoft Visual Studio Solution File, Format Version 12.00
Project("{FAE04EC0-301F-11D3-BF4B-00C04F79EFBC}") = "ZaraChat", "ZaraChat\ZaraChat.csproj", "{817C4CF5-F962-4F38-ABEB-5D46FB90BCA4}"
EndProject
Project("{F2A71F9B-5D33-465A-A702-920D77279786}") = "ZaraChat.BusinessLogic", "ZaraChat.BusinessLogic\ZaraChat.BusinessLogic.fsproj", "{B04C9014-D4CF-4BAF-8B6C-982507147AF5}"
EndProject
Project("{F2A71F9B-5D33-465A-A702-920D77279786}") = "ZaraChat.BusinessLogic.Test", "ZaraChat.BusinessLogic.Test\ZaraChat.BusinessLogic.Test.fsproj", "{5A3521AA-2970-4ECB-8CF2-F1A18A4243E1}"
EndProject
Project("{2150E333-8FDC-42A3-9474-1A3956D46DE8}") = "test", "test", "{061DCA29-077D-4F41-BF26-2F8B52D8893B}"
EndProject
Global
	GlobalSection(SolutionConfigurationPlatforms) = preSolution
		Debug|Any CPU = Debug|Any CPU
		Release|Any CPU = Release|Any CPU
	EndGlobalSection
	GlobalSection(ProjectConfigurationPlatforms) = postSolution
		{817C4CF5-F962-4F38-ABEB-5D46FB90BCA4}.Debug|Any CPU.ActiveCfg = Debug|Any CPU
		{817C4CF5-F962-4F38-ABEB-5D46FB90BCA4}.Debug|Any CPU.Build.0 = Debug|Any CPU
		{817C4CF5-F962-4F38-ABEB-5D46FB90BCA4}.Release|Any CPU.ActiveCfg = Release|Any CPU
		{817C4CF5-F962-4F38-ABEB-5D46FB90BCA4}.Release|Any CPU.Build.0 = Release|Any CPU
		{B04C9014-D4CF-4BAF-8B6C-982507147AF5}.Debug|Any CPU.ActiveCfg = Debug|Any CPU
		{B04C9014-D4CF-4BAF-8B6C-982507147AF5}.Debug|Any CPU.Build.0 = Debug|Any CPU
		{B04C9014-D4CF-4BAF-8B6C-982507147AF5}.Release|Any CPU.ActiveCfg = Release|Any CPU
		{B04C9014-D4CF-4BAF-8B6C-982507147AF5}.Release|Any CPU.Build.0 = Release|Any CPU
		{5A3521AA-2970-4ECB-8CF2-F1A18A4243E1}.Debug|Any CPU.ActiveCfg = Debug|Any CPU
		{5A3521AA-2970-4ECB-8CF2-F1A18A4243E1}.Debug|Any CPU.Build.0 = Debug|Any CPU
		{5A3521AA-2970-4ECB-8CF2-F1A18A4243E1}.Release|Any CPU.ActiveCfg = Release|Any CPU
		{5A3521AA-2970-4ECB-8CF2-F1A18A4243E1}.Release|Any CPU.Build.0 = Release|Any CPU
	EndGlobalSection
	GlobalSection(NestedProjects) = preSolution
		{5A3521AA-2970-4ECB-8CF2-F1A18A4243E1} = {061DCA29-077D-4F41-BF26-2F8B52D8893B}
	EndGlobalSection
EndGlobal
